
Microsoft Visual Studio Solution File, Format Version 12.00
# Visual Studio Version 17
VisualStudioVersion = 17.13.36105.23 d17.13
MinimumVisualStudioVersion = 10.0.40219.1
Project("{FAE04EC0-301F-11D3-BF4B-00C04F79EFBC}") = "Task Management Application API", "Task Management Application API.csproj", "{896436E2-CB4E-4248-8045-BE67AAAE3B79}"
EndProject
Global
	GlobalSection(SolutionConfigurationPlatforms) = preSolution
		Debug|Any CPU = Debug|Any CPU
		Release|Any CPU = Release|Any CPU
	EndGlobalSection
	GlobalSection(ProjectConfigurationPlatforms) = postSolution
		{896436E2-CB4E-4248-8045-BE67AAAE3B79}.Debug|Any CPU.ActiveCfg = Debug|Any CPU
		{896436E2-CB4E-4248-8045-BE67AAAE3B79}.Debug|Any CPU.Build.0 = Debug|Any CPU
		{896436E2-CB4E-4248-8045-BE67AAAE3B79}.Release|Any CPU.ActiveCfg = Release|Any CPU
		{896436E2-CB4E-4248-8045-BE67AAAE3B79}.Release|Any CPU.Build.0 = Release|Any CPU
	EndGlobalSection
	GlobalSection(SolutionProperties) = preSolution
		HideSolutionNode = FALSE
	EndGlobalSection
	GlobalSection(ExtensibilityGlobals) = postSolution
		SolutionGuid = {2D00C19C-F32A-4AA5-A337-AE5F563B0494}
	EndGlobalSection
EndGlobal
